// !$*UTF8*$!
{
	archiveVersion = 1;
	classes = {
	};
	objectVersion = 46;
	objects = {

/* Begin PBXBuildFile section */
		F66FB4CD1EAF1E6D007C1E0B /* main.m in Sources */ = {isa = PBXBuildFile; fileRef = F66FB4CC1EAF1E6D007C1E0B /* main.m */; };
		F66FB4D01EAF1E6D007C1E0B /* AppDelegate.m in Sources */ = {isa = PBXBuildFile; fileRef = F66FB4CF1EAF1E6D007C1E0B /* AppDelegate.m */; };
		F66FB4D31EAF1E6D007C1E0B /* ViewController.m in Sources */ = {isa = PBXBuildFile; fileRef = F66FB4D21EAF1E6D007C1E0B /* ViewController.m */; };
		F66FB4D61EAF1E6D007C1E0B /* Main.storyboard in Resources */ = {isa = PBXBuildFile; fileRef = F66FB4D41EAF1E6D007C1E0B /* Main.storyboard */; };
		F66FB4D81EAF1E6D007C1E0B /* Assets.xcassets in Resources */ = {isa = PBXBuildFile; fileRef = F66FB4D71EAF1E6D007C1E0B /* Assets.xcassets */; };
		F66FB4DB1EAF1E6D007C1E0B /* LaunchScreen.storyboard in Resources */ = {isa = PBXBuildFile; fileRef = F66FB4D91EAF1E6D007C1E0B /* LaunchScreen.storyboard */; };
		F66FB4E61EAF1E6D007C1E0B /* TheSolarSystemTests.m in Sources */ = {isa = PBXBuildFile; fileRef = F66FB4E51EAF1E6D007C1E0B /* TheSolarSystemTests.m */; };
		F66FB4F11EAF1E6D007C1E0B /* TheSolarSystemUITests.m in Sources */ = {isa = PBXBuildFile; fileRef = F66FB4F01EAF1E6D007C1E0B /* TheSolarSystemUITests.m */; };
		F66FB50C1EAF2AD8007C1E0B /* earth.jpg in Resources */ = {isa = PBXBuildFile; fileRef = F66FB5041EAF2AD8007C1E0B /* earth.jpg */; };
		F66FB50D1EAF2AD8007C1E0B /* haiwangxing.jpg in Resources */ = {isa = PBXBuildFile; fileRef = F66FB5051EAF2AD8007C1E0B /* haiwangxing.jpg */; };
		F66FB50E1EAF2AD8007C1E0B /* huoxing.jpg in Resources */ = {isa = PBXBuildFile; fileRef = F66FB5061EAF2AD8007C1E0B /* huoxing.jpg */; };
		F66FB50F1EAF2AD8007C1E0B /* jinxing.jpg in Resources */ = {isa = PBXBuildFile; fileRef = F66FB5071EAF2AD8007C1E0B /* jinxing.jpg */; };
		F66FB5101EAF2AD8007C1E0B /* muxing.jpg in Resources */ = {isa = PBXBuildFile; fileRef = F66FB5081EAF2AD8007C1E0B /* muxing.jpg */; };
		F66FB5111EAF2AD8007C1E0B /* shuixing.jpg in Resources */ = {isa = PBXBuildFile; fileRef = F66FB5091EAF2AD8007C1E0B /* shuixing.jpg */; };
		F66FB5121EAF2AD8007C1E0B /* tianwangxing.jpg in Resources */ = {isa = PBXBuildFile; fileRef = F66FB50A1EAF2AD8007C1E0B /* tianwangxing.jpg */; };
		F66FB5131EAF2AD8007C1E0B /* tuxing.png in Resources */ = {isa = PBXBuildFile; fileRef = F66FB50B1EAF2AD8007C1E0B /* tuxing.png */; };
		F66FB5221EAF3600007C1E0B /* DefaultFrag.fsh in Resources */ = {isa = PBXBuildFile; fileRef = F66FB5151EAF3600007C1E0B /* DefaultFrag.fsh */; };
		F66FB5231EAF3600007C1E0B /* DefaultVertex.vsh in Resources */ = {isa = PBXBuildFile; fileRef = F66FB5171EAF3600007C1E0B /* DefaultVertex.vsh */; };
		F66FB5251EAF3600007C1E0B /* YXAttribute.m in Sources */ = {isa = PBXBuildFile; fileRef = F66FB51B1EAF3600007C1E0B /* YXAttribute.m */; };
		F66FB5261EAF3600007C1E0B /* YXShaderAnalyser.m in Sources */ = {isa = PBXBuildFile; fileRef = F66FB51D1EAF3600007C1E0B /* YXShaderAnalyser.m */; };
		F66FB5271EAF3600007C1E0B /* YXShaderManager.m in Sources */ = {isa = PBXBuildFile; fileRef = F66FB51F1EAF3600007C1E0B /* YXShaderManager.m */; };
		F66FB5281EAF3600007C1E0B /* YXUniform.m in Sources */ = {isa = PBXBuildFile; fileRef = F66FB5211EAF3600007C1E0B /* YXUniform.m */; };
		F66FB52B1EAF3648007C1E0B /* Shader.fsh in Resources */ = {isa = PBXBuildFile; fileRef = F66FB5291EAF3648007C1E0B /* Shader.fsh */; };
		F66FB52C1EAF3648007C1E0B /* Shader.vsh in Resources */ = {isa = PBXBuildFile; fileRef = F66FB52A1EAF3648007C1E0B /* Shader.vsh */; };
		F66FB52F1EAF3C67007C1E0B /* YXVertexAttribArrayBuffer.m in Sources */ = {isa = PBXBuildFile; fileRef = F66FB52E1EAF3C67007C1E0B /* YXVertexAttribArrayBuffer.m */; };
		F66FB5321EAF550E007C1E0B /* BallView.m in Sources */ = {isa = PBXBuildFile; fileRef = F66FB5311EAF550E007C1E0B /* BallView.m */; };
		F66FB5341EAF5C2B007C1E0B /* sun.bmp in Resources */ = {isa = PBXBuildFile; fileRef = F66FB5331EAF5C2B007C1E0B /* sun.bmp */; };
/* End PBXBuildFile section */

/* Begin PBXContainerItemProxy section */
		F66FB4E21EAF1E6D007C1E0B /* PBXContainerItemProxy */ = {
			isa = PBXContainerItemProxy;
			containerPortal = F66FB4C01EAF1E6D007C1E0B /* Project object */;
			proxyType = 1;
			remoteGlobalIDString = F66FB4C71EAF1E6D007C1E0B;
			remoteInfo = TheSolarSystem;
		};
		F66FB4ED1EAF1E6D007C1E0B /* PBXContainerItemProxy */ = {
			isa = PBXContainerItemProxy;
			containerPortal = F66FB4C01EAF1E6D007C1E0B /* Project object */;
			proxyType = 1;
			remoteGlobalIDString = F66FB4C71EAF1E6D007C1E0B;
			remoteInfo = TheSolarSystem;
		};
/* End PBXContainerItemProxy section */

/* Begin PBXFileReference section */
		F66FB4C81EAF1E6D007C1E0B /* TheSolarSystem.app */ = {isa = PBXFileReference; explicitFileType = wrapper.application; includeInIndex = 0; path = TheSolarSystem.app; sourceTree = BUILT_PRODUCTS_DIR; };
		F66FB4CC1EAF1E6D007C1E0B /* main.m */ = {isa = PBXFileReference; lastKnownFileType = sourcecode.c.objc; path = main.m; sourceTree = "<group>"; };
		F66FB4CE1EAF1E6D007C1E0B /* AppDelegate.h */ = {isa = PBXFileReference; lastKnownFileType = sourcecode.c.h; path = AppDelegate.h; sourceTree = "<group>"; };
		F66FB4CF1EAF1E6D007C1E0B /* AppDelegate.m */ = {isa = PBXFileReference; lastKnownFileType = sourcecode.c.objc; path = AppDelegate.m; sourceTree = "<group>"; };
		F66FB4D11EAF1E6D007C1E0B /* ViewController.h */ = {isa = PBXFileReference; lastKnownFileType = sourcecode.c.h; path = ViewController.h; sourceTree = "<group>"; };
		F66FB4D21EAF1E6D007C1E0B /* ViewController.m */ = {isa = PBXFileReference; lastKnownFileType = sourcecode.c.objc; path = ViewController.m; sourceTree = "<group>"; };
		F66FB4D51EAF1E6D007C1E0B /* Base */ = {isa = PBXFileReference; lastKnownFileType = file.storyboard; name = Base; path = Base.lproj/Main.storyboard; sourceTree = "<group>"; };
		F66FB4D71EAF1E6D007C1E0B /* Assets.xcassets */ = {isa = PBXFileReference; lastKnownFileType = folder.assetcatalog; path = Assets.xcassets; sourceTree = "<group>"; };
		F66FB4DA1EAF1E6D007C1E0B /* Base */ = {isa = PBXFileReference; lastKnownFileType = file.storyboard; name = Base; path = Base.lproj/LaunchScreen.storyboard; sourceTree = "<group>"; };
		F66FB4DC1EAF1E6D007C1E0B /* Info.plist */ = {isa = PBXFileReference; lastKnownFileType = text.plist.xml; path = Info.plist; sourceTree = "<group>"; };
		F66FB4E11EAF1E6D007C1E0B /* TheSolarSystemTests.xctest */ = {isa = PBXFileReference; explicitFileType = wrapper.cfbundle; includeInIndex = 0; path = TheSolarSystemTests.xctest; sourceTree = BUILT_PRODUCTS_DIR; };
		F66FB4E51EAF1E6D007C1E0B /* TheSolarSystemTests.m */ = {isa = PBXFileReference; lastKnownFileType = sourcecode.c.objc; path = TheSolarSystemTests.m; sourceTree = "<group>"; };
		F66FB4E71EAF1E6D007C1E0B /* Info.plist */ = {isa = PBXFileReference; lastKnownFileType = text.plist.xml; path = Info.plist; sourceTree = "<group>"; };
		F66FB4EC1EAF1E6D007C1E0B /* TheSolarSystemUITests.xctest */ = {isa = PBXFileReference; explicitFileType = wrapper.cfbundle; includeInIndex = 0; path = TheSolarSystemUITests.xctest; sourceTree = BUILT_PRODUCTS_DIR; };
		F66FB4F01EAF1E6D007C1E0B /* TheSolarSystemUITests.m */ = {isa = PBXFileReference; lastKnownFileType = sourcecode.c.objc; path = TheSolarSystemUITests.m; sourceTree = "<group>"; };
		F66FB4F21EAF1E6D007C1E0B /* Info.plist */ = {isa = PBXFileReference; lastKnownFileType = text.plist.xml; path = Info.plist; sourceTree = "<group>"; };
		F66FB5001EAF1F06007C1E0B /* sphere.h */ = {isa = PBXFileReference; fileEncoding = 4; lastKnownFileType = sourcecode.c.h; path = sphere.h; sourceTree = "<group>"; };
		F66FB5041EAF2AD8007C1E0B /* earth.jpg */ = {isa = PBXFileReference; lastKnownFileType = image.jpeg; path = earth.jpg; sourceTree = "<group>"; };
		F66FB5051EAF2AD8007C1E0B /* haiwangxing.jpg */ = {isa = PBXFileReference; lastKnownFileType = image.jpeg; path = haiwangxing.jpg; sourceTree = "<group>"; };
		F66FB5061EAF2AD8007C1E0B /* huoxing.jpg */ = {isa = PBXFileReference; lastKnownFileType = image.jpeg; path = huoxing.jpg; sourceTree = "<group>"; };
		F66FB5071EAF2AD8007C1E0B /* jinxing.jpg */ = {isa = PBXFileReference; lastKnownFileType = image.jpeg; path = jinxing.jpg; sourceTree = "<group>"; };
		F66FB5081EAF2AD8007C1E0B /* muxing.jpg */ = {isa = PBXFileReference; lastKnownFileType = image.jpeg; path = muxing.jpg; sourceTree = "<group>"; };
		F66FB5091EAF2AD8007C1E0B /* shuixing.jpg */ = {isa = PBXFileReference; lastKnownFileType = image.jpeg; path = shuixing.jpg; sourceTree = "<group>"; };
		F66FB50A1EAF2AD8007C1E0B /* tianwangxing.jpg */ = {isa = PBXFileReference; lastKnownFileType = image.jpeg; path = tianwangxing.jpg; sourceTree = "<group>"; };
		F66FB50B1EAF2AD8007C1E0B /* tuxing.png */ = {isa = PBXFileReference; lastKnownFileType = image.png; path = tuxing.png; sourceTree = "<group>"; };
		F66FB5151EAF3600007C1E0B /* DefaultFrag.fsh */ = {isa = PBXFileReference; fileEncoding = 4; lastKnownFileType = sourcecode.glsl; path = DefaultFrag.fsh; sourceTree = "<group>"; };
		F66FB5161EAF3600007C1E0B /* DefaultVariableName.h */ = {isa = PBXFileReference; fileEncoding = 4; lastKnownFileType = sourcecode.c.h; path = DefaultVariableName.h; sourceTree = "<group>"; };
		F66FB5171EAF3600007C1E0B /* DefaultVertex.vsh */ = {isa = PBXFileReference; fileEncoding = 4; lastKnownFileType = sourcecode.glsl; path = DefaultVertex.vsh; sourceTree = "<group>"; };
		F66FB51A1EAF3600007C1E0B /* YXAttribute.h */ = {isa = PBXFileReference; fileEncoding = 4; lastKnownFileType = sourcecode.c.h; path = YXAttribute.h; sourceTree = "<group>"; };
		F66FB51B1EAF3600007C1E0B /* YXAttribute.m */ = {isa = PBXFileReference; fileEncoding = 4; lastKnownFileType = sourcecode.c.objc; path = YXAttribute.m; sourceTree = "<group>"; };
		F66FB51C1EAF3600007C1E0B /* YXShaderAnalyser.h */ = {isa = PBXFileReference; fileEncoding = 4; lastKnownFileType = sourcecode.c.h; path = YXShaderAnalyser.h; sourceTree = "<group>"; };
		F66FB51D1EAF3600007C1E0B /* YXShaderAnalyser.m */ = {isa = PBXFileReference; fileEncoding = 4; lastKnownFileType = sourcecode.c.objc; path = YXShaderAnalyser.m; sourceTree = "<group>"; };
		F66FB51E1EAF3600007C1E0B /* YXShaderManager.h */ = {isa = PBXFileReference; fileEncoding = 4; lastKnownFileType = sourcecode.c.h; path = YXShaderManager.h; sourceTree = "<group>"; };
		F66FB51F1EAF3600007C1E0B /* YXShaderManager.m */ = {isa = PBXFileReference; fileEncoding = 4; lastKnownFileType = sourcecode.c.objc; path = YXShaderManager.m; sourceTree = "<group>"; };
		F66FB5201EAF3600007C1E0B /* YXUniform.h */ = {isa = PBXFileReference; fileEncoding = 4; lastKnownFileType = sourcecode.c.h; path = YXUniform.h; sourceTree = "<group>"; };
		F66FB5211EAF3600007C1E0B /* YXUniform.m */ = {isa = PBXFileReference; fileEncoding = 4; lastKnownFileType = sourcecode.c.objc; path = YXUniform.m; sourceTree = "<group>"; };
		F66FB5291EAF3648007C1E0B /* Shader.fsh */ = {isa = PBXFileReference; fileEncoding = 4; lastKnownFileType = sourcecode.glsl; path = Shader.fsh; sourceTree = "<group>"; };
		F66FB52A1EAF3648007C1E0B /* Shader.vsh */ = {isa = PBXFileReference; fileEncoding = 4; lastKnownFileType = sourcecode.glsl; path = Shader.vsh; sourceTree = "<group>"; };
		F66FB52D1EAF3C67007C1E0B /* YXVertexAttribArrayBuffer.h */ = {isa = PBXFileReference; fileEncoding = 4; lastKnownFileType = sourcecode.c.h; path = YXVertexAttribArrayBuffer.h; sourceTree = "<group>"; };
		F66FB52E1EAF3C67007C1E0B /* YXVertexAttribArrayBuffer.m */ = {isa = PBXFileReference; fileEncoding = 4; lastKnownFileType = sourcecode.c.objc; path = YXVertexAttribArrayBuffer.m; sourceTree = "<group>"; };
		F66FB5301EAF550E007C1E0B /* BallView.h */ = {isa = PBXFileReference; fileEncoding = 4; lastKnownFileType = sourcecode.c.h; path = BallView.h; sourceTree = "<group>"; };
		F66FB5311EAF550E007C1E0B /* BallView.m */ = {isa = PBXFileReference; fileEncoding = 4; lastKnownFileType = sourcecode.c.objc; path = BallView.m; sourceTree = "<group>"; };
		F66FB5331EAF5C2B007C1E0B /* sun.bmp */ = {isa = PBXFileReference; lastKnownFileType = image.bmp; path = sun.bmp; sourceTree = "<group>"; };
/* End PBXFileReference section */

/* Begin PBXFrameworksBuildPhase section */
		F66FB4C51EAF1E6D007C1E0B /* Frameworks */ = {
			isa = PBXFrameworksBuildPhase;
			buildActionMask = 2147483647;
			files = (
			);
			runOnlyForDeploymentPostprocessing = 0;
		};
		F66FB4DE1EAF1E6D007C1E0B /* Frameworks */ = {
			isa = PBXFrameworksBuildPhase;
			buildActionMask = 2147483647;
			files = (
			);
			runOnlyForDeploymentPostprocessing = 0;
		};
		F66FB4E91EAF1E6D007C1E0B /* Frameworks */ = {
			isa = PBXFrameworksBuildPhase;
			buildActionMask = 2147483647;
			files = (
			);
			runOnlyForDeploymentPostprocessing = 0;
		};
/* End PBXFrameworksBuildPhase section */

/* Begin PBXGroup section */
		F66FB4BF1EAF1E6D007C1E0B = {
			isa = PBXGroup;
			children = (
				F66FB4CA1EAF1E6D007C1E0B /* TheSolarSystem */,
				F66FB4E41EAF1E6D007C1E0B /* TheSolarSystemTests */,
				F66FB4EF1EAF1E6D007C1E0B /* TheSolarSystemUITests */,
				F66FB4C91EAF1E6D007C1E0B /* Products */,
			);
			sourceTree = "<group>";
		};
		F66FB4C91EAF1E6D007C1E0B /* Products */ = {
			isa = PBXGroup;
			children = (
				F66FB4C81EAF1E6D007C1E0B /* TheSolarSystem.app */,
				F66FB4E11EAF1E6D007C1E0B /* TheSolarSystemTests.xctest */,
				F66FB4EC1EAF1E6D007C1E0B /* TheSolarSystemUITests.xctest */,
			);
			name = Products;
			sourceTree = "<group>";
		};
		F66FB4CA1EAF1E6D007C1E0B /* TheSolarSystem */ = {
			isa = PBXGroup;
			children = (
				F66FB5291EAF3648007C1E0B /* Shader.fsh */,
				F66FB52A1EAF3648007C1E0B /* Shader.vsh */,
				F66FB5141EAF3600007C1E0B /* ShaderManager */,
				F66FB4FF1EAF1EF4007C1E0B /* Ball */,
				F66FB4CE1EAF1E6D007C1E0B /* AppDelegate.h */,
				F66FB4CF1EAF1E6D007C1E0B /* AppDelegate.m */,
				F66FB4D11EAF1E6D007C1E0B /* ViewController.h */,
				F66FB4D21EAF1E6D007C1E0B /* ViewController.m */,
				F66FB4D41EAF1E6D007C1E0B /* Main.storyboard */,
				F66FB4D71EAF1E6D007C1E0B /* Assets.xcassets */,
				F66FB4D91EAF1E6D007C1E0B /* LaunchScreen.storyboard */,
				F66FB4DC1EAF1E6D007C1E0B /* Info.plist */,
				F66FB4CB1EAF1E6D007C1E0B /* Supporting Files */,
				F66FB52D1EAF3C67007C1E0B /* YXVertexAttribArrayBuffer.h */,
				F66FB52E1EAF3C67007C1E0B /* YXVertexAttribArrayBuffer.m */,
				F66FB5301EAF550E007C1E0B /* BallView.h */,
				F66FB5311EAF550E007C1E0B /* BallView.m */,
			);
			path = TheSolarSystem;
			sourceTree = "<group>";
		};
		F66FB4CB1EAF1E6D007C1E0B /* Supporting Files */ = {
			isa = PBXGroup;
			children = (
				F66FB4CC1EAF1E6D007C1E0B /* main.m */,
			);
			name = "Supporting Files";
			sourceTree = "<group>";
		};
		F66FB4E41EAF1E6D007C1E0B /* TheSolarSystemTests */ = {
			isa = PBXGroup;
			children = (
				F66FB4E51EAF1E6D007C1E0B /* TheSolarSystemTests.m */,
				F66FB4E71EAF1E6D007C1E0B /* Info.plist */,
			);
			path = TheSolarSystemTests;
			sourceTree = "<group>";
		};
		F66FB4EF1EAF1E6D007C1E0B /* TheSolarSystemUITests */ = {
			isa = PBXGroup;
			children = (
				F66FB4F01EAF1E6D007C1E0B /* TheSolarSystemUITests.m */,
				F66FB4F21EAF1E6D007C1E0B /* Info.plist */,
			);
			path = TheSolarSystemUITests;
			sourceTree = "<group>";
		};
		F66FB4FF1EAF1EF4007C1E0B /* Ball */ = {
			isa = PBXGroup;
			children = (
				F66FB5331EAF5C2B007C1E0B /* sun.bmp */,
				F66FB5041EAF2AD8007C1E0B /* earth.jpg */,
				F66FB5051EAF2AD8007C1E0B /* haiwangxing.jpg */,
				F66FB5061EAF2AD8007C1E0B /* huoxing.jpg */,
				F66FB5071EAF2AD8007C1E0B /* jinxing.jpg */,
				F66FB5081EAF2AD8007C1E0B /* muxing.jpg */,
				F66FB5091EAF2AD8007C1E0B /* shuixing.jpg */,
				F66FB50A1EAF2AD8007C1E0B /* tianwangxing.jpg */,
				F66FB50B1EAF2AD8007C1E0B /* tuxing.png */,
				F66FB5001EAF1F06007C1E0B /* sphere.h */,
			);
			path = Ball;
			sourceTree = "<group>";
		};
		F66FB5141EAF3600007C1E0B /* ShaderManager */ = {
			isa = PBXGroup;
			children = (
				F66FB5151EAF3600007C1E0B /* DefaultFrag.fsh */,
				F66FB5161EAF3600007C1E0B /* DefaultVariableName.h */,
				F66FB5171EAF3600007C1E0B /* DefaultVertex.vsh */,
				F66FB51A1EAF3600007C1E0B /* YXAttribute.h */,
				F66FB51B1EAF3600007C1E0B /* YXAttribute.m */,
				F66FB51C1EAF3600007C1E0B /* YXShaderAnalyser.h */,
				F66FB51D1EAF3600007C1E0B /* YXShaderAnalyser.m */,
				F66FB51E1EAF3600007C1E0B /* YXShaderManager.h */,
				F66FB51F1EAF3600007C1E0B /* YXShaderManager.m */,
				F66FB5201EAF3600007C1E0B /* YXUniform.h */,
				F66FB5211EAF3600007C1E0B /* YXUniform.m */,
			);
			path = ShaderManager;
			sourceTree = "<group>";
		};
/* End PBXGroup section */

/* Begin PBXNativeTarget section */
		F66FB4C71EAF1E6D007C1E0B /* TheSolarSystem */ = {
			isa = PBXNativeTarget;
			buildConfigurationList = F66FB4F51EAF1E6D007C1E0B /* Build configuration list for PBXNativeTarget "TheSolarSystem" */;
			buildPhases = (
				F66FB4C41EAF1E6D007C1E0B /* Sources */,
				F66FB4C51EAF1E6D007C1E0B /* Frameworks */,
				F66FB4C61EAF1E6D007C1E0B /* Resources */,
			);
			buildRules = (
			);
			dependencies = (
			);
			name = TheSolarSystem;
			productName = TheSolarSystem;
			productReference = F66FB4C81EAF1E6D007C1E0B /* TheSolarSystem.app */;
			productType = "com.apple.product-type.application";
		};
		F66FB4E01EAF1E6D007C1E0B /* TheSolarSystemTests */ = {
			isa = PBXNativeTarget;
			buildConfigurationList = F66FB4F81EAF1E6D007C1E0B /* Build configuration list for PBXNativeTarget "TheSolarSystemTests" */;
			buildPhases = (
				F66FB4DD1EAF1E6D007C1E0B /* Sources */,
				F66FB4DE1EAF1E6D007C1E0B /* Frameworks */,
				F66FB4DF1EAF1E6D007C1E0B /* Resources */,
			);
			buildRules = (
			);
			dependencies = (
				F66FB4E31EAF1E6D007C1E0B /* PBXTargetDependency */,
			);
			name = TheSolarSystemTests;
			productName = TheSolarSystemTests;
			productReference = F66FB4E11EAF1E6D007C1E0B /* TheSolarSystemTests.xctest */;
			productType = "com.apple.product-type.bundle.unit-test";
		};
		F66FB4EB1EAF1E6D007C1E0B /* TheSolarSystemUITests */ = {
			isa = PBXNativeTarget;
			buildConfigurationList = F66FB4FB1EAF1E6D007C1E0B /* Build configuration list for PBXNativeTarget "TheSolarSystemUITests" */;
			buildPhases = (
				F66FB4E81EAF1E6D007C1E0B /* Sources */,
				F66FB4E91EAF1E6D007C1E0B /* Frameworks */,
				F66FB4EA1EAF1E6D007C1E0B /* Resources */,
			);
			buildRules = (
			);
			dependencies = (
				F66FB4EE1EAF1E6D007C1E0B /* PBXTargetDependency */,
			);
			name = TheSolarSystemUITests;
			productName = TheSolarSystemUITests;
			productReference = F66FB4EC1EAF1E6D007C1E0B /* TheSolarSystemUITests.xctest */;
			productType = "com.apple.product-type.bundle.ui-testing";
		};
/* End PBXNativeTarget section */

/* Begin PBXProject section */
		F66FB4C01EAF1E6D007C1E0B /* Project object */ = {
			isa = PBXProject;
			attributes = {
				LastUpgradeCheck = 0810;
				ORGANIZATIONNAME = xyxorigation;
				TargetAttributes = {
					F66FB4C71EAF1E6D007C1E0B = {
						CreatedOnToolsVersion = 8.1;
						DevelopmentTeam = M72V2PCK7H;
						ProvisioningStyle = Automatic;
					};
					F66FB4E01EAF1E6D007C1E0B = {
						CreatedOnToolsVersion = 8.1;
						DevelopmentTeam = M72V2PCK7H;
						ProvisioningStyle = Automatic;
						TestTargetID = F66FB4C71EAF1E6D007C1E0B;
					};
					F66FB4EB1EAF1E6D007C1E0B = {
						CreatedOnToolsVersion = 8.1;
						DevelopmentTeam = M72V2PCK7H;
						ProvisioningStyle = Automatic;
						TestTargetID = F66FB4C71EAF1E6D007C1E0B;
					};
				};
			};
			buildConfigurationList = F66FB4C31EAF1E6D007C1E0B /* Build configuration list for PBXProject "TheSolarSystem" */;
			compatibilityVersion = "Xcode 3.2";
			developmentRegion = English;
			hasScannedForEncodings = 0;
			knownRegions = (
				en,
				Base,
			);
			mainGroup = F66FB4BF1EAF1E6D007C1E0B;
			productRefGroup = F66FB4C91EAF1E6D007C1E0B /* Products */;
			projectDirPath = "";
			projectRoot = "";
			targets = (
				F66FB4C71EAF1E6D007C1E0B /* TheSolarSystem */,
				F66FB4E01EAF1E6D007C1E0B /* TheSolarSystemTests */,
				F66FB4EB1EAF1E6D007C1E0B /* TheSolarSystemUITests */,
			);
		};
/* End PBXProject section */

/* Begin PBXResourcesBuildPhase section */
		F66FB4C61EAF1E6D007C1E0B /* Resources */ = {
			isa = PBXResourcesBuildPhase;
			buildActionMask = 2147483647;
			files = (
				F66FB5121EAF2AD8007C1E0B /* tianwangxing.jpg in Resources */,
				F66FB50F1EAF2AD8007C1E0B /* jinxing.jpg in Resources */,
				F66FB5101EAF2AD8007C1E0B /* muxing.jpg in Resources */,
				F66FB5111EAF2AD8007C1E0B /* shuixing.jpg in Resources */,
				F66FB5131EAF2AD8007C1E0B /* tuxing.png in Resources */,
				F66FB50E1EAF2AD8007C1E0B /* huoxing.jpg in Resources */,
				F66FB50C1EAF2AD8007C1E0B /* earth.jpg in Resources */,
				F66FB4DB1EAF1E6D007C1E0B /* LaunchScreen.storyboard in Resources */,
				F66FB4D81EAF1E6D007C1E0B /* Assets.xcassets in Resources */,
				F66FB50D1EAF2AD8007C1E0B /* haiwangxing.jpg in Resources */,
				F66FB5341EAF5C2B007C1E0B /* sun.bmp in Resources */,
				F66FB4D61EAF1E6D007C1E0B /* Main.storyboard in Resources */,
				F66FB5221EAF3600007C1E0B /* DefaultFrag.fsh in Resources */,
				F66FB52B1EAF3648007C1E0B /* Shader.fsh in Resources */,
				F66FB5231EAF3600007C1E0B /* DefaultVertex.vsh in Resources */,
				F66FB52C1EAF3648007C1E0B /* Shader.vsh in Resources */,
			);
			runOnlyForDeploymentPostprocessing = 0;
		};
		F66FB4DF1EAF1E6D007C1E0B /* Resources */ = {
			isa = PBXResourcesBuildPhase;
			buildActionMask = 2147483647;
			files = (
			);
			runOnlyForDeploymentPostprocessing = 0;
		};
		F66FB4EA1EAF1E6D007C1E0B /* Resources */ = {
			isa = PBXResourcesBuildPhase;
			buildActionMask = 2147483647;
			files = (
			);
			runOnlyForDeploymentPostprocessing = 0;
		};
/* End PBXResourcesBuildPhase section */

/* Begin PBXSourcesBuildPhase section */
		F66FB4C41EAF1E6D007C1E0B /* Sources */ = {
			isa = PBXSourcesBuildPhase;
			buildActionMask = 2147483647;
			files = (
				F66FB5251EAF3600007C1E0B /* YXAttribute.m in Sources */,
				F66FB5281EAF3600007C1E0B /* YXUniform.m in Sources */,
				F66FB5321EAF550E007C1E0B /* BallView.m in Sources */,
				F66FB4D31EAF1E6D007C1E0B /* ViewController.m in Sources */,
				F66FB52F1EAF3C67007C1E0B /* YXVertexAttribArrayBuffer.m in Sources */,
				F66FB5261EAF3600007C1E0B /* YXShaderAnalyser.m in Sources */,
				F66FB4D01EAF1E6D007C1E0B /* AppDelegate.m in Sources */,
				F66FB4CD1EAF1E6D007C1E0B /* main.m in Sources */,
				F66FB5271EAF3600007C1E0B /* YXShaderManager.m in Sources */,
			);
			runOnlyForDeploymentPostprocessing = 0;
		};
		F66FB4DD1EAF1E6D007C1E0B /* Sources */ = {
			isa = PBXSourcesBuildPhase;
			buildActionMask = 2147483647;
			files = (
				F66FB4E61EAF1E6D007C1E0B /* TheSolarSystemTests.m in Sources */,
			);
			runOnlyForDeploymentPostprocessing = 0;
		};
		F66FB4E81EAF1E6D007C1E0B /* Sources */ = {
			isa = PBXSourcesBuildPhase;
			buildActionMask = 2147483647;
			files = (
				F66FB4F11EAF1E6D007C1E0B /* TheSolarSystemUITests.m in Sources */,
			);
			runOnlyForDeploymentPostprocessing = 0;
		};
/* End PBXSourcesBuildPhase section */

/* Begin PBXTargetDependency section */
		F66FB4E31EAF1E6D007C1E0B /* PBXTargetDependency */ = {
			isa = PBXTargetDependency;
			target = F66FB4C71EAF1E6D007C1E0B /* TheSolarSystem */;
			targetProxy = F66FB4E21EAF1E6D007C1E0B /* PBXContainerItemProxy */;
		};
		F66FB4EE1EAF1E6D007C1E0B /* PBXTargetDependency */ = {
			isa = PBXTargetDependency;
			target = F66FB4C71EAF1E6D007C1E0B /* TheSolarSystem */;
			targetProxy = F66FB4ED1EAF1E6D007C1E0B /* PBXContainerItemProxy */;
		};
/* End PBXTargetDependency section */

/* Begin PBXVariantGroup section */
		F66FB4D41EAF1E6D007C1E0B /* Main.storyboard */ = {
			isa = PBXVariantGroup;
			children = (
				F66FB4D51EAF1E6D007C1E0B /* Base */,
			);
			name = Main.storyboard;
			sourceTree = "<group>";
		};
		F66FB4D91EAF1E6D007C1E0B /* LaunchScreen.storyboard */ = {
			isa = PBXVariantGroup;
			children = (
				F66FB4DA1EAF1E6D007C1E0B /* Base */,
			);
			name = LaunchScreen.storyboard;
			sourceTree = "<group>";
		};
/* End PBXVariantGroup section */

/* Begin XCBuildConfiguration section */
		F66FB4F31EAF1E6D007C1E0B /* Debug */ = {
			isa = XCBuildConfiguration;
			buildSettings = {
				ALWAYS_SEARCH_USER_PATHS = NO;
				CLANG_ANALYZER_NONNULL = YES;
				CLANG_CXX_LANGUAGE_STANDARD = "gnu++0x";
				CLANG_CXX_LIBRARY = "libc++";
				CLANG_ENABLE_MODULES = YES;
				CLANG_ENABLE_OBJC_ARC = YES;
				CLANG_WARN_BOOL_CONVERSION = YES;
				CLANG_WARN_CONSTANT_CONVERSION = YES;
				CLANG_WARN_DIRECT_OBJC_ISA_USAGE = YES_ERROR;
				CLANG_WARN_DOCUMENTATION_COMMENTS = YES;
				CLANG_WARN_EMPTY_BODY = YES;
				CLANG_WARN_ENUM_CONVERSION = YES;
				CLANG_WARN_INFINITE_RECURSION = YES;
				CLANG_WARN_INT_CONVERSION = YES;
				CLANG_WARN_OBJC_ROOT_CLASS = YES_ERROR;
				CLANG_WARN_SUSPICIOUS_MOVES = YES;
				CLANG_WARN_UNREACHABLE_CODE = YES;
				CLANG_WARN__DUPLICATE_METHOD_MATCH = YES;
				"CODE_SIGN_IDENTITY[sdk=iphoneos*]" = "iPhone Developer";
				COPY_PHASE_STRIP = NO;
				DEBUG_INFORMATION_FORMAT = dwarf;
				ENABLE_STRICT_OBJC_MSGSEND = YES;
				ENABLE_TESTABILITY = YES;
				GCC_C_LANGUAGE_STANDARD = gnu99;
				GCC_DYNAMIC_NO_PIC = NO;
				GCC_NO_COMMON_BLOCKS = YES;
				GCC_OPTIMIZATION_LEVEL = 0;
				GCC_PREPROCESSOR_DEFINITIONS = (
					"DEBUG=1",
					"$(inherited)",
				);
				GCC_WARN_64_TO_32_BIT_CONVERSION = YES;
				GCC_WARN_ABOUT_RETURN_TYPE = YES_ERROR;
				GCC_WARN_UNDECLARED_SELECTOR = YES;
				GCC_WARN_UNINITIALIZED_AUTOS = YES_AGGRESSIVE;
				GCC_WARN_UNUSED_FUNCTION = YES;
				GCC_WARN_UNUSED_VARIABLE = YES;
				IPHONEOS_DEPLOYMENT_TARGET = 10.1;
				MTL_ENABLE_DEBUG_INFO = YES;
				ONLY_ACTIVE_ARCH = YES;
				SDKROOT = iphoneos;
			};
			name = Debug;
		};
		F66FB4F41EAF1E6D007C1E0B /* Release */ = {
			isa = XCBuildConfiguration;
			buildSettings = {
				ALWAYS_SEARCH_USER_PATHS = NO;
				CLANG_ANALYZER_NONNULL = YES;
				CLANG_CXX_LANGUAGE_STANDARD = "gnu++0x";
				CLANG_CXX_LIBRARY = "libc++";
				CLANG_ENABLE_MODULES = YES;
				CLANG_ENABLE_OBJC_ARC = YES;
				CLANG_WARN_BOOL_CONVERSION = YES;
				CLANG_WARN_CONSTANT_CONVERSION = YES;
				CLANG_WARN_DIRECT_OBJC_ISA_USAGE = YES_ERROR;
				CLANG_WARN_DOCUMENTATION_COMMENTS = YES;
				CLANG_WARN_EMPTY_BODY = YES;
				CLANG_WARN_ENUM_CONVERSION = YES;
				CLANG_WARN_INFINITE_RECURSION = YES;
				CLANG_WARN_INT_CONVERSION = YES;
				CLANG_WARN_OBJC_ROOT_CLASS = YES_ERROR;
				CLANG_WARN_SUSPICIOUS_MOVES = YES;
				CLANG_WARN_UNREACHABLE_CODE = YES;
				CLANG_WARN__DUPLICATE_METHOD_MATCH = YES;
				"CODE_SIGN_IDENTITY[sdk=iphoneos*]" = "iPhone Developer";
				COPY_PHASE_STRIP = NO;
				DEBUG_INFORMATION_FORMAT = "dwarf-with-dsym";
				ENABLE_NS_ASSERTIONS = NO;
				ENABLE_STRICT_OBJC_MSGSEND = YES;
				GCC_C_LANGUAGE_STANDARD = gnu99;
				GCC_NO_COMMON_BLOCKS = YES;
				GCC_WARN_64_TO_32_BIT_CONVERSION = YES;
				GCC_WARN_ABOUT_RETURN_TYPE = YES_ERROR;
				GCC_WARN_UNDECLARED_SELECTOR = YES;
				GCC_WARN_UNINITIALIZED_AUTOS = YES_AGGRESSIVE;
				GCC_WARN_UNUSED_FUNCTION = YES;
				GCC_WARN_UNUSED_VARIABLE = YES;
				IPHONEOS_DEPLOYMENT_TARGET = 10.1;
				MTL_ENABLE_DEBUG_INFO = NO;
				SDKROOT = iphoneos;
				VALIDATE_PRODUCT = YES;
			};
			name = Release;
		};
		F66FB4F61EAF1E6D007C1E0B /* Debug */ = {
			isa = XCBuildConfiguration;
			buildSettings = {
				ASSETCATALOG_COMPILER_APPICON_NAME = AppIcon;
				DEVELOPMENT_TEAM = M72V2PCK7H;
				INFOPLIST_FILE = TheSolarSystem/Info.plist;
				LD_RUNPATH_SEARCH_PATHS = "$(inherited) @executable_path/Frameworks";
				PRODUCT_BUNDLE_IDENTIFIER = yunxi.TheSolarSystem;
				PRODUCT_NAME = "$(TARGET_NAME)";
			};
			name = Debug;
		};
		F66FB4F71EAF1E6D007C1E0B /* Release */ = {
			isa = XCBuildConfiguration;
			buildSettings = {
				ASSETCATALOG_COMPILER_APPICON_NAME = AppIcon;
				DEVELOPMENT_TEAM = M72V2PCK7H;
				INFOPLIST_FILE = TheSolarSystem/Info.plist;
				LD_RUNPATH_SEARCH_PATHS = "$(inherited) @executable_path/Frameworks";
				PRODUCT_BUNDLE_IDENTIFIER = yunxi.TheSolarSystem;
				PRODUCT_NAME = "$(TARGET_NAME)";
			};
			name = Release;
		};
		F66FB4F91EAF1E6D007C1E0B /* Debug */ = {
			isa = XCBuildConfiguration;
			buildSettings = {
				BUNDLE_LOADER = "$(TEST_HOST)";
				DEVELOPMENT_TEAM = M72V2PCK7H;
				INFOPLIST_FILE = TheSolarSystemTests/Info.plist;
				LD_RUNPATH_SEARCH_PATHS = "$(inherited) @executable_path/Frameworks @loader_path/Frameworks";
				PRODUCT_BUNDLE_IDENTIFIER = yunxi.TheSolarSystemTests;
				PRODUCT_NAME = "$(TARGET_NAME)";
				TEST_HOST = "$(BUILT_PRODUCTS_DIR)/TheSolarSystem.app/TheSolarSystem";
			};
			name = Debug;
		};
		F66FB4FA1EAF1E6D007C1E0B /* Release */ = {
			isa = XCBuildConfiguration;
			buildSettings = {
				BUNDLE_LOADER = "$(TEST_HOST)";
				DEVELOPMENT_TEAM = M72V2PCK7H;
				INFOPLIST_FILE = TheSolarSystemTests/Info.plist;
				LD_RUNPATH_SEARCH_PATHS = "$(inherited) @executable_path/Frameworks @loader_path/Frameworks";
				PRODUCT_BUNDLE_IDENTIFIER = yunxi.TheSolarSystemTests;
				PRODUCT_NAME = "$(TARGET_NAME)";
				TEST_HOST = "$(BUILT_PRODUCTS_DIR)/TheSolarSystem.app/TheSolarSystem";
			};
			name = Release;
		};
		F66FB4FC1EAF1E6D007C1E0B /* Debug */ = {
			isa = XCBuildConfiguration;
			buildSettings = {
				DEVELOPMENT_TEAM = M72V2PCK7H;
				INFOPLIST_FILE = TheSolarSystemUITests/Info.plist;
				LD_RUNPATH_SEARCH_PATHS = "$(inherited) @executable_path/Frameworks @loader_path/Frameworks";
				PRODUCT_BUNDLE_IDENTIFIER = yunxi.TheSolarSystemUITests;
				PRODUCT_NAME = "$(TARGET_NAME)";
				TEST_TARGET_NAME = TheSolarSystem;
			};
			name = Debug;
		};
		F66FB4FD1EAF1E6D007C1E0B /* Release */ = {
			isa = XCBuildConfiguration;
			buildSettings = {
				DEVELOPMENT_TEAM = M72V2PCK7H;
				INFOPLIST_FILE = TheSolarSystemUITests/Info.plist;
				LD_RUNPATH_SEARCH_PATHS = "$(inherited) @executable_path/Frameworks @loader_path/Frameworks";
				PRODUCT_BUNDLE_IDENTIFIER = yunxi.TheSolarSystemUITests;
				PRODUCT_NAME = "$(TARGET_NAME)";
				TEST_TARGET_NAME = TheSolarSystem;
			};
			name = Release;
		};
/* End XCBuildConfiguration section */

/* Begin XCConfigurationList section */
		F66FB4C31EAF1E6D007C1E0B /* Build configuration list for PBXProject "TheSolarSystem" */ = {
			isa = XCConfigurationList;
			buildConfigurations = (
				F66FB4F31EAF1E6D007C1E0B /* Debug */,
				F66FB4F41EAF1E6D007C1E0B /* Release */,
			);
			defaultConfigurationIsVisible = 0;
			defaultConfigurationName = Release;
		};
		F66FB4F51EAF1E6D007C1E0B /* Build configuration list for PBXNativeTarget "TheSolarSystem" */ = {
			isa = XCConfigurationList;
			buildConfigurations = (
				F66FB4F61EAF1E6D007C1E0B /* Debug */,
				F66FB4F71EAF1E6D007C1E0B /* Release */,
			);
			defaultConfigurationIsVisible = 0;
			defaultConfigurationName = Release;
		};
		F66FB4F81EAF1E6D007C1E0B /* Build configuration list for PBXNativeTarget "TheSolarSystemTests" */ = {
			isa = XCConfigurationList;
			buildConfigurations = (
				F66FB4F91EAF1E6D007C1E0B /* Debug */,
				F66FB4FA1EAF1E6D007C1E0B /* Release */,
			);
			defaultConfigurationIsVisible = 0;
			defaultConfigurationName = Release;
		};
		F66FB4FB1EAF1E6D007C1E0B /* Build configuration list for PBXNativeTarget "TheSolarSystemUITests" */ = {
			isa = XCConfigurationList;
			buildConfigurations = (
				F66FB4FC1EAF1E6D007C1E0B /* Debug */,
				F66FB4FD1EAF1E6D007C1E0B /* Release */,
			);
			defaultConfigurationIsVisible = 0;
			defaultConfigurationName = Release;
		};
/* End XCConfigurationList section */
	};
	rootObject = F66FB4C01EAF1E6D007C1E0B /* Project object */;
}
